// !$*UTF8*$!
{
	archiveVersion = 1;
	classes = {
	};
	objectVersion = 50;
	objects = {

/* Begin PBXBuildFile section */
		853BAAE922D9739A0020B1FE /* AppDelegate.swift in Sources */ = {isa = PBXBuildFile; fileRef = 853BAAE822D9739A0020B1FE /* AppDelegate.swift */; };
		853BAAEB22D9739A0020B1FE /* ViewController.swift in Sources */ = {isa = PBXBuildFile; fileRef = 853BAAEA22D9739A0020B1FE /* ViewController.swift */; };
		853BAAEE22D9739A0020B1FE /* Main.storyboard in Resources */ = {isa = PBXBuildFile; fileRef = 853BAAEC22D9739A0020B1FE /* Main.storyboard */; };
		853BAAF022D9739C0020B1FE /* Assets.xcassets in Resources */ = {isa = PBXBuildFile; fileRef = 853BAAEF22D9739C0020B1FE /* Assets.xcassets */; };
		853BAAF322D9739C0020B1FE /* LaunchScreen.storyboard in Resources */ = {isa = PBXBuildFile; fileRef = 853BAAF122D9739C0020B1FE /* LaunchScreen.storyboard */; };
		85A8A74822D9885E00156191 /* CountriesTableViewCell.swift in Sources */ = {isa = PBXBuildFile; fileRef = 85A8A74722D9885E00156191 /* CountriesTableViewCell.swift */; };
		85CBB45E22D977F5009E9043 /* LGBT.png in Resources */ = {isa = PBXBuildFile; fileRef = 85CBB45422D977F5009E9043 /* LGBT.png */; };
		85CBB45F22D977F5009E9043 /* china.png in Resources */ = {isa = PBXBuildFile; fileRef = 85CBB45522D977F5009E9043 /* china.png */; };
		85CBB46022D977F5009E9043 /* soviet.png in Resources */ = {isa = PBXBuildFile; fileRef = 85CBB45622D977F5009E9043 /* soviet.png */; };
		85CBB46122D977F5009E9043 /* USA.png in Resources */ = {isa = PBXBuildFile; fileRef = 85CBB45722D977F5009E9043 /* USA.png */; };
		85CBB46222D977F5009E9043 /* sweden.png in Resources */ = {isa = PBXBuildFile; fileRef = 85CBB45822D977F5009E9043 /* sweden.png */; };
		85CBB46322D977F5009E9043 /* canada.png in Resources */ = {isa = PBXBuildFile; fileRef = 85CBB45922D977F5009E9043 /* canada.png */; };
		85CBB46422D977F5009E9043 /* UK.png in Resources */ = {isa = PBXBuildFile; fileRef = 85CBB45A22D977F5009E9043 /* UK.png */; };
		85CBB46522D977F5009E9043 /* singapore.png in Resources */ = {isa = PBXBuildFile; fileRef = 85CBB45B22D977F5009E9043 /* singapore.png */; };
		85CBB46622D977F5009E9043 /* northKorea.png in Resources */ = {isa = PBXBuildFile; fileRef = 85CBB45C22D977F5009E9043 /* northKorea.png */; };
		85CBB46722D977F5009E9043 /* norway.png in Resources */ = {isa = PBXBuildFile; fileRef = 85CBB45D22D977F5009E9043 /* norway.png */; };
		85CBB46922D979A5009E9043 /* countries.swift in Sources */ = {isa = PBXBuildFile; fileRef = 85CBB46822D979A5009E9043 /* countries.swift */; };
		85CBB46B22D97AD8009E9043 /* CountriesTableViewController.swift in Sources */ = {isa = PBXBuildFile; fileRef = 85CBB46A22D97AD8009E9043 /* CountriesTableViewController.swift */; };
/* End PBXBuildFile section */

/* Begin PBXFileReference section */
		853BAAE522D9739A0020B1FE /* L6_Hackathon - Nuke_App.app */ = {isa = PBXFileReference; explicitFileType = wrapper.application; includeInIndex = 0; path = "L6_Hackathon - Nuke_App.app"; sourceTree = BUILT_PRODUCTS_DIR; };
		853BAAE822D9739A0020B1FE /* AppDelegate.swift */ = {isa = PBXFileReference; lastKnownFileType = sourcecode.swift; path = AppDelegate.swift; sourceTree = "<group>"; };
		853BAAEA22D9739A0020B1FE /* ViewController.swift */ = {isa = PBXFileReference; lastKnownFileType = sourcecode.swift; path = ViewController.swift; sourceTree = "<group>"; };
		853BAAED22D9739A0020B1FE /* Base */ = {isa = PBXFileReference; lastKnownFileType = file.storyboard; name = Base; path = Base.lproj/Main.storyboard; sourceTree = "<group>"; };
		853BAAEF22D9739C0020B1FE /* Assets.xcassets */ = {isa = PBXFileReference; lastKnownFileType = folder.assetcatalog; path = Assets.xcassets; sourceTree = "<group>"; };
		853BAAF222D9739C0020B1FE /* Base */ = {isa = PBXFileReference; lastKnownFileType = file.storyboard; name = Base; path = Base.lproj/LaunchScreen.storyboard; sourceTree = "<group>"; };
		853BAAF422D9739C0020B1FE /* Info.plist */ = {isa = PBXFileReference; lastKnownFileType = text.plist.xml; path = Info.plist; sourceTree = "<group>"; };
		85A8A74722D9885E00156191 /* CountriesTableViewCell.swift */ = {isa = PBXFileReference; lastKnownFileType = sourcecode.swift; path = CountriesTableViewCell.swift; sourceTree = "<group>"; };
		85CBB45422D977F5009E9043 /* LGBT.png */ = {isa = PBXFileReference; lastKnownFileType = image.png; path = LGBT.png; sourceTree = "<group>"; };
		85CBB45522D977F5009E9043 /* china.png */ = {isa = PBXFileReference; lastKnownFileType = image.png; path = china.png; sourceTree = "<group>"; };
		85CBB45622D977F5009E9043 /* soviet.png */ = {isa = PBXFileReference; lastKnownFileType = image.png; path = soviet.png; sourceTree = "<group>"; };
		85CBB45722D977F5009E9043 /* USA.png */ = {isa = PBXFileReference; lastKnownFileType = image.png; path = USA.png; sourceTree = "<group>"; };
		85CBB45822D977F5009E9043 /* sweden.png */ = {isa = PBXFileReference; lastKnownFileType = image.png; path = sweden.png; sourceTree = "<group>"; };
		85CBB45922D977F5009E9043 /* canada.png */ = {isa = PBXFileReference; lastKnownFileType = image.png; path = canada.png; sourceTree = "<group>"; };
		85CBB45A22D977F5009E9043 /* UK.png */ = {isa = PBXFileReference; lastKnownFileType = image.png; path = UK.png; sourceTree = "<group>"; };
		85CBB45B22D977F5009E9043 /* singapore.png */ = {isa = PBXFileReference; lastKnownFileType = image.png; path = singapore.png; sourceTree = "<group>"; };
		85CBB45C22D977F5009E9043 /* northKorea.png */ = {isa = PBXFileReference; lastKnownFileType = image.png; path = northKorea.png; sourceTree = "<group>"; };
		85CBB45D22D977F5009E9043 /* norway.png */ = {isa = PBXFileReference; lastKnownFileType = image.png; path = norway.png; sourceTree = "<group>"; };
		85CBB46822D979A5009E9043 /* countries.swift */ = {isa = PBXFileReference; lastKnownFileType = sourcecode.swift; path = countries.swift; sourceTree = "<group>"; };
		85CBB46A22D97AD8009E9043 /* CountriesTableViewController.swift */ = {isa = PBXFileReference; lastKnownFileType = sourcecode.swift; path = CountriesTableViewController.swift; sourceTree = "<group>"; };
/* End PBXFileReference section */

/* Begin PBXFrameworksBuildPhase section */
		853BAAE222D9739A0020B1FE /* Frameworks */ = {
			isa = PBXFrameworksBuildPhase;
			buildActionMask = 2147483647;
			files = (
			);
			runOnlyForDeploymentPostprocessing = 0;
		};
/* End PBXFrameworksBuildPhase section */

/* Begin PBXGroup section */
		853BAADC22D9739A0020B1FE = {
			isa = PBXGroup;
			children = (
				853BAAE722D9739A0020B1FE /* L6_Hackathon - Nuke_App */,
				853BAAE622D9739A0020B1FE /* Products */,
			);
			sourceTree = "<group>";
		};
		853BAAE622D9739A0020B1FE /* Products */ = {
			isa = PBXGroup;
			children = (
				853BAAE522D9739A0020B1FE /* L6_Hackathon - Nuke_App.app */,
			);
			name = Products;
			sourceTree = "<group>";
		};
		853BAAE722D9739A0020B1FE /* L6_Hackathon - Nuke_App */ = {
			isa = PBXGroup;
			children = (
				85CBB45322D977F5009E9043 /* flags */,
				853BAAE822D9739A0020B1FE /* AppDelegate.swift */,
				853BAAEA22D9739A0020B1FE /* ViewController.swift */,
				853BAAEC22D9739A0020B1FE /* Main.storyboard */,
				85A8A74722D9885E00156191 /* CountriesTableViewCell.swift */,
				85CBB46A22D97AD8009E9043 /* CountriesTableViewController.swift */,
				85CBB46822D979A5009E9043 /* countries.swift */,
				853BAAEF22D9739C0020B1FE /* Assets.xcassets */,
				853BAAF122D9739C0020B1FE /* LaunchScreen.storyboard */,
				853BAAF422D9739C0020B1FE /* Info.plist */,
			);
			path = "L6_Hackathon - Nuke_App";
			sourceTree = "<group>";
		};
		85CBB45322D977F5009E9043 /* flags */ = {
			isa = PBXGroup;
			children = (
				85CBB45422D977F5009E9043 /* LGBT.png */,
				85CBB45522D977F5009E9043 /* china.png */,
				85CBB45622D977F5009E9043 /* soviet.png */,
				85CBB45722D977F5009E9043 /* USA.png */,
				85CBB45822D977F5009E9043 /* sweden.png */,
				85CBB45922D977F5009E9043 /* canada.png */,
				85CBB45A22D977F5009E9043 /* UK.png */,
				85CBB45B22D977F5009E9043 /* singapore.png */,
				85CBB45C22D977F5009E9043 /* northKorea.png */,
				85CBB45D22D977F5009E9043 /* norway.png */,
			);
			path = flags;
			sourceTree = "<group>";
		};
/* End PBXGroup section */

/* Begin PBXNativeTarget section */
		853BAAE422D9739A0020B1FE /* L6_Hackathon - Nuke_App */ = {
			isa = PBXNativeTarget;
			buildConfigurationList = 853BAAF722D9739C0020B1FE /* Build configuration list for PBXNativeTarget "L6_Hackathon - Nuke_App" */;
			buildPhases = (
				853BAAE122D9739A0020B1FE /* Sources */,
				853BAAE222D9739A0020B1FE /* Frameworks */,
				853BAAE322D9739A0020B1FE /* Resources */,
			);
			buildRules = (
			);
			dependencies = (
			);
			name = "L6_Hackathon - Nuke_App";
			productName = "L6_Hackathon - Nuke_App";
			productReference = 853BAAE522D9739A0020B1FE /* L6_Hackathon - Nuke_App.app */;
			productType = "com.apple.product-type.application";
		};
/* End PBXNativeTarget section */

/* Begin PBXProject section */
		853BAADD22D9739A0020B1FE /* Project object */ = {
			isa = PBXProject;
			attributes = {
				LastSwiftUpdateCheck = 1010;
				LastUpgradeCheck = 1010;
				ORGANIZATIONNAME = "Shayden Wong";
				TargetAttributes = {
					853BAAE422D9739A0020B1FE = {
						CreatedOnToolsVersion = 10.1;
					};
				};
			};
			buildConfigurationList = 853BAAE022D9739A0020B1FE /* Build configuration list for PBXProject "L6_Hackathon - Nuke_App" */;
			compatibilityVersion = "Xcode 9.3";
			developmentRegion = en;
			hasScannedForEncodings = 0;
			knownRegions = (
				en,
				Base,
			);
			mainGroup = 853BAADC22D9739A0020B1FE;
			productRefGroup = 853BAAE622D9739A0020B1FE /* Products */;
			projectDirPath = "";
			projectRoot = "";
			targets = (
				853BAAE422D9739A0020B1FE /* L6_Hackathon - Nuke_App */,
			);
		};
/* End PBXProject section */

/* Begin PBXResourcesBuildPhase section */
		853BAAE322D9739A0020B1FE /* Resources */ = {
			isa = PBXResourcesBuildPhase;
			buildActionMask = 2147483647;
			files = (
				85CBB46122D977F5009E9043 /* USA.png in Resources */,
				85CBB46522D977F5009E9043 /* singapore.png in Resources */,
				85CBB46722D977F5009E9043 /* norway.png in Resources */,
				85CBB46622D977F5009E9043 /* northKorea.png in Resources */,
				85CBB45E22D977F5009E9043 /* LGBT.png in Resources */,
				85CBB45F22D977F5009E9043 /* china.png in Resources */,
				85CBB46222D977F5009E9043 /* sweden.png in Resources */,
				853BAAF322D9739C0020B1FE /* LaunchScreen.storyboard in Resources */,
				85CBB46422D977F5009E9043 /* UK.png in Resources */,
				85CBB46022D977F5009E9043 /* soviet.png in Resources */,
				853BAAF022D9739C0020B1FE /* Assets.xcassets in Resources */,
				85CBB46322D977F5009E9043 /* canada.png in Resources */,
				853BAAEE22D9739A0020B1FE /* Main.storyboard in Resources */,
			);
			runOnlyForDeploymentPostprocessing = 0;
		};
/* End PBXResourcesBuildPhase section */

/* Begin PBXSourcesBuildPhase section */
		853BAAE122D9739A0020B1FE /* Sources */ = {
			isa = PBXSourcesBuildPhase;
			buildActionMask = 2147483647;
			files = (
				85CBB46B22D97AD8009E9043 /* CountriesTableViewController.swift in Sources */,
				853BAAEB22D9739A0020B1FE /* ViewController.swift in Sources */,
				853BAAE922D9739A0020B1FE /* AppDelegate.swift in Sources */,
				85CBB46922D979A5009E9043 /* countries.swift in Sources */,
				85A8A74822D9885E00156191 /* CountriesTableViewCell.swift in Sources */,
			);
			runOnlyForDeploymentPostprocessing = 0;
		};
/* End PBXSourcesBuildPhase section */

/* Begin PBXVariantGroup section */
		853BAAEC22D9739A0020B1FE /* Main.storyboard */ = {
			isa = PBXVariantGroup;
			children = (
				853BAAED22D9739A0020B1FE /* Base */,
			);
			name = Main.storyboard;
			sourceTree = "<group>";
		};
		853BAAF122D9739C0020B1FE /* LaunchScreen.storyboard */ = {
			isa = PBXVariantGroup;
			children = (
				853BAAF222D9739C0020B1FE /* Base */,
			);
			name = LaunchScreen.storyboard;
			sourceTree = "<group>";
		};
/* End PBXVariantGroup section */

/* Begin XCBuildConfiguration section */
		853BAAF522D9739C0020B1FE /* Debug */ = {
			isa = XCBuildConfiguration;
			buildSettings = {
				ALWAYS_SEARCH_USER_PATHS = NO;
				CLANG_ANALYZER_NONNULL = YES;
				CLANG_ANALYZER_NUMBER_OBJECT_CONVERSION = YES_AGGRESSIVE;
				CLANG_CXX_LANGUAGE_STANDARD = "gnu++14";
				CLANG_CXX_LIBRARY = "libc++";
				CLANG_ENABLE_MODULES = YES;
				CLANG_ENABLE_OBJC_ARC = YES;
				CLANG_ENABLE_OBJC_WEAK = YES;
				CLANG_WARN_BLOCK_CAPTURE_AUTORELEASING = YES;
				CLANG_WARN_BOOL_CONVERSION = YES;
				CLANG_WARN_COMMA = YES;
				CLANG_WARN_CONSTANT_CONVERSION = YES;
				CLANG_WARN_DEPRECATED_OBJC_IMPLEMENTATIONS = YES;
				CLANG_WARN_DIRECT_OBJC_ISA_USAGE = YES_ERROR;
				CLANG_WARN_DOCUMENTATION_COMMENTS = YES;
				CLANG_WARN_EMPTY_BODY = YES;
				CLANG_WARN_ENUM_CONVERSION = YES;
				CLANG_WARN_INFINITE_RECURSION = YES;
				CLANG_WARN_INT_CONVERSION = YES;
				CLANG_WARN_NON_LITERAL_NULL_CONVERSION = YES;
				CLANG_WARN_OBJC_IMPLICIT_RETAIN_SELF = YES;
				CLANG_WARN_OBJC_LITERAL_CONVERSION = YES;
				CLANG_WARN_OBJC_ROOT_CLASS = YES_ERROR;
				CLANG_WARN_RANGE_LOOP_ANALYSIS = YES;
				CLANG_WARN_STRICT_PROTOTYPES = YES;
				CLANG_WARN_SUSPICIOUS_MOVE = YES;
				CLANG_WARN_UNGUARDED_AVAILABILITY = YES_AGGRESSIVE;
				CLANG_WARN_UNREACHABLE_CODE = YES;
				CLANG_WARN__DUPLICATE_METHOD_MATCH = YES;
				CODE_SIGN_IDENTITY = "iPhone Developer";
				COPY_PHASE_STRIP = NO;
				DEBUG_INFORMATION_FORMAT = dwarf;
				ENABLE_STRICT_OBJC_MSGSEND = YES;
				ENABLE_TESTABILITY = YES;
				GCC_C_LANGUAGE_STANDARD = gnu11;
				GCC_DYNAMIC_NO_PIC = NO;
				GCC_NO_COMMON_BLOCKS = YES;
				GCC_OPTIMIZATION_LEVEL = 0;
				GCC_PREPROCESSOR_DEFINITIONS = (
					"DEBUG=1",
					"$(inherited)",
				);
				GCC_WARN_64_TO_32_BIT_CONVERSION = YES;
				GCC_WARN_ABOUT_RETURN_TYPE = YES_ERROR;
				GCC_WARN_UNDECLARED_SELECTOR = YES;
				GCC_WARN_UNINITIALIZED_AUTOS = YES_AGGRESSIVE;
				GCC_WARN_UNUSED_FUNCTION = YES;
				GCC_WARN_UNUSED_VARIABLE = YES;
				IPHONEOS_DEPLOYMENT_TARGET = 12.1;
				MTL_ENABLE_DEBUG_INFO = INCLUDE_SOURCE;
				MTL_FAST_MATH = YES;
				ONLY_ACTIVE_ARCH = YES;
				SDKROOT = iphoneos;
				SWIFT_ACTIVE_COMPILATION_CONDITIONS = DEBUG;
				SWIFT_OPTIMIZATION_LEVEL = "-Onone";
			};
			name = Debug;
		};
		853BAAF622D9739C0020B1FE /* Release */ = {
			isa = XCBuildConfiguration;
			buildSettings = {
				ALWAYS_SEARCH_USER_PATHS = NO;
				CLANG_ANALYZER_NONNULL = YES;
				CLANG_ANALYZER_NUMBER_OBJECT_CONVERSION = YES_AGGRESSIVE;
				CLANG_CXX_LANGUAGE_STANDARD = "gnu++14";
				CLANG_CXX_LIBRARY = "libc++";
				CLANG_ENABLE_MODULES = YES;
				CLANG_ENABLE_OBJC_ARC = YES;
				CLANG_ENABLE_OBJC_WEAK = YES;
				CLANG_WARN_BLOCK_CAPTURE_AUTORELEASING = YES;
				CLANG_WARN_BOOL_CONVERSION = YES;
				CLANG_WARN_COMMA = YES;
				CLANG_WARN_CONSTANT_CONVERSION = YES;
				CLANG_WARN_DEPRECATED_OBJC_IMPLEMENTATIONS = YES;
				CLANG_WARN_DIRECT_OBJC_ISA_USAGE = YES_ERROR;
				CLANG_WARN_DOCUMENTATION_COMMENTS = YES;
				CLANG_WARN_EMPTY_BODY = YES;
				CLANG_WARN_ENUM_CONVERSION = YES;
				CLANG_WARN_INFINITE_RECURSION = YES;
				CLANG_WARN_INT_CONVERSION = YES;
				CLANG_WARN_NON_LITERAL_NULL_CONVERSION = YES;
				CLANG_WARN_OBJC_IMPLICIT_RETAIN_SELF = YES;
				CLANG_WARN_OBJC_LITERAL_CONVERSION = YES;
				CLANG_WARN_OBJC_ROOT_CLASS = YES_ERROR;
				CLANG_WARN_RANGE_LOOP_ANALYSIS = YES;
				CLANG_WARN_STRICT_PROTOTYPES = YES;
				CLANG_WARN_SUSPICIOUS_MOVE = YES;
				CLANG_WARN_UNGUARDED_AVAILABILITY = YES_AGGRESSIVE;
				CLANG_WARN_UNREACHABLE_CODE = YES;
				CLANG_WARN__DUPLICATE_METHOD_MATCH = YES;
				CODE_SIGN_IDENTITY = "iPhone Developer";
				COPY_PHASE_STRIP = NO;
				DEBUG_INFORMATION_FORMAT = "dwarf-with-dsym";
				ENABLE_NS_ASSERTIONS = NO;
				ENABLE_STRICT_OBJC_MSGSEND = YES;
				GCC_C_LANGUAGE_STANDARD = gnu11;
				GCC_NO_COMMON_BLOCKS = YES;
				GCC_WARN_64_TO_32_BIT_CONVERSION = YES;
				GCC_WARN_ABOUT_RETURN_TYPE = YES_ERROR;
				GCC_WARN_UNDECLARED_SELECTOR = YES;
				GCC_WARN_UNINITIALIZED_AUTOS = YES_AGGRESSIVE;
				GCC_WARN_UNUSED_FUNCTION = YES;
				GCC_WARN_UNUSED_VARIABLE = YES;
				IPHONEOS_DEPLOYMENT_TARGET = 12.1;
				MTL_ENABLE_DEBUG_INFO = NO;
				MTL_FAST_MATH = YES;
				SDKROOT = iphoneos;
				SWIFT_COMPILATION_MODE = wholemodule;
				SWIFT_OPTIMIZATION_LEVEL = "-O";
				VALIDATE_PRODUCT = YES;
			};
			name = Release;
		};
		853BAAF822D9739C0020B1FE /* Debug */ = {
			isa = XCBuildConfiguration;
			buildSettings = {
				ASSETCATALOG_COMPILER_APPICON_NAME = AppIcon;
				CODE_SIGN_STYLE = Automatic;
				DEVELOPMENT_TEAM = 5N5573DXVQ;
				INFOPLIST_FILE = "L6_Hackathon - Nuke_App/Info.plist";
				LD_RUNPATH_SEARCH_PATHS = (
					"$(inherited)",
					"@executable_path/Frameworks",
				);
				PRODUCT_BUNDLE_IDENTIFIER = "com.SST.L6-Hackathon---Nuke-App";
				PRODUCT_NAME = "$(TARGET_NAME)";
				SWIFT_VERSION = 4.2;
				TARGETED_DEVICE_FAMILY = "1,2";
			};
			name = Debug;
		};
		853BAAF922D9739C0020B1FE /* Release */ = {
			isa = XCBuildConfiguration;
			buildSettings = {
				ASSETCATALOG_COMPILER_APPICON_NAME = AppIcon;
				CODE_SIGN_STYLE = Automatic;
				DEVELOPMENT_TEAM = 5N5573DXVQ;
				INFOPLIST_FILE = "L6_Hackathon - Nuke_App/Info.plist";
				LD_RUNPATH_SEARCH_PATHS = (
					"$(inherited)",
					"@executable_path/Frameworks",
				);
				PRODUCT_BUNDLE_IDENTIFIER = "com.SST.L6-Hackathon---Nuke-App";
				PRODUCT_NAME = "$(TARGET_NAME)";
				SWIFT_VERSION = 4.2;
				TARGETED_DEVICE_FAMILY = "1,2";
			};
			name = Release;
		};
/* End XCBuildConfiguration section */

/* Begin XCConfigurationList section */
		853BAAE022D9739A0020B1FE /* Build configuration list for PBXProject "L6_Hackathon - Nuke_App" */ = {
			isa = XCConfigurationList;
			buildConfigurations = (
				853BAAF522D9739C0020B1FE /* Debug */,
				853BAAF622D9739C0020B1FE /* Release */,
			);
			defaultConfigurationIsVisible = 0;
			defaultConfigurationName = Release;
		};
		853BAAF722D9739C0020B1FE /* Build configuration list for PBXNativeTarget "L6_Hackathon - Nuke_App" */ = {
			isa = XCConfigurationList;
			buildConfigurations = (
				853BAAF822D9739C0020B1FE /* Debug */,
				853BAAF922D9739C0020B1FE /* Release */,
			);
			defaultConfigurationIsVisible = 0;
			defaultConfigurationName = Release;
		};
/* End XCConfigurationList section */
	};
	rootObject = 853BAADD22D9739A0020B1FE /* Project object */;
}
